
Microsoft Visual Studio Solution File, Format Version 12.00
# Visual Studio 15
VisualStudioVersion = 15.0.28307.438
MinimumVisualStudioVersion = 10.0.40219.1
Project("{FAE04EC0-301F-11D3-BF4B-00C04F79EFBC}") = "ChallengeLibrary", "ChallengeLibrary\ChallengeLibrary.csproj", "{39198C17-F018-4A99-93CD-2E36CF71AD1E}"
EndProject
Project("{FAE04EC0-301F-11D3-BF4B-00C04F79EFBC}") = "GCSE_ConsoleApp", "GCSE_consoleapp\GCSE_ConsoleApp.csproj", "{65FA1814-24AC-4618-AD0C-E0743E8B983F}"
	ProjectSection(ProjectDependencies) = postProject
		{AC063F49-84D8-4E76-9016-9EAF8D5E0A29} = {AC063F49-84D8-4E76-9016-9EAF8D5E0A29}
	EndProjectSection
EndProject
Project("{FAE04EC0-301F-11D3-BF4B-00C04F79EFBC}") = "A-Level_WPFApp", "A-Level_WPFApp\A-Level_WPFApp.csproj", "{FAA9A09E-B03C-453C-9212-C26767079DC5}"
	ProjectSection(ProjectDependencies) = postProject
		{39198C17-F018-4A99-93CD-2E36CF71AD1E} = {39198C17-F018-4A99-93CD-2E36CF71AD1E}
	EndProjectSection
EndProject
Project("{2150E333-8FDC-42A3-9474-1A3956D46DE8}") = "Solution Items", "Solution Items", "{450E29F3-9990-4F78-9F3B-D85803617B22}"
	ProjectSection(SolutionItems) = preProject
		OCR_code_challenges_1-80.pdf = OCR_code_challenges_1-80.pdf
		Pixelstorm.ruleset = Pixelstorm.ruleset
	EndProjectSection
EndProject
Project("{FAE04EC0-301F-11D3-BF4B-00C04F79EFBC}") = "PixelLib", "lib\PixelLib\PixelLib\PixelLib.csproj", "{AC063F49-84D8-4E76-9016-9EAF8D5E0A29}"
EndProject
Global
	GlobalSection(SolutionConfigurationPlatforms) = preSolution
		Debug|Any CPU = Debug|Any CPU
		Release|Any CPU = Release|Any CPU
	EndGlobalSection
	GlobalSection(ProjectConfigurationPlatforms) = postSolution
		{39198C17-F018-4A99-93CD-2E36CF71AD1E}.Debug|Any CPU.ActiveCfg = Debug|Any CPU
		{39198C17-F018-4A99-93CD-2E36CF71AD1E}.Debug|Any CPU.Build.0 = Debug|Any CPU
		{39198C17-F018-4A99-93CD-2E36CF71AD1E}.Release|Any CPU.ActiveCfg = Release|Any CPU
		{39198C17-F018-4A99-93CD-2E36CF71AD1E}.Release|Any CPU.Build.0 = Release|Any CPU
		{65FA1814-24AC-4618-AD0C-E0743E8B983F}.Debug|Any CPU.ActiveCfg = Debug|Any CPU
		{65FA1814-24AC-4618-AD0C-E0743E8B983F}.Debug|Any CPU.Build.0 = Debug|Any CPU
		{65FA1814-24AC-4618-AD0C-E0743E8B983F}.Release|Any CPU.ActiveCfg = Release|Any CPU
		{65FA1814-24AC-4618-AD0C-E0743E8B983F}.Release|Any CPU.Build.0 = Release|Any CPU
		{FAA9A09E-B03C-453C-9212-C26767079DC5}.Debug|Any CPU.ActiveCfg = Debug|Any CPU
		{FAA9A09E-B03C-453C-9212-C26767079DC5}.Debug|Any CPU.Build.0 = Debug|Any CPU
		{FAA9A09E-B03C-453C-9212-C26767079DC5}.Release|Any CPU.ActiveCfg = Release|Any CPU
		{FAA9A09E-B03C-453C-9212-C26767079DC5}.Release|Any CPU.Build.0 = Release|Any CPU
		{AC063F49-84D8-4E76-9016-9EAF8D5E0A29}.Debug|Any CPU.ActiveCfg = Debug|Any CPU
		{AC063F49-84D8-4E76-9016-9EAF8D5E0A29}.Debug|Any CPU.Build.0 = Debug|Any CPU
		{AC063F49-84D8-4E76-9016-9EAF8D5E0A29}.Release|Any CPU.ActiveCfg = Release|Any CPU
		{AC063F49-84D8-4E76-9016-9EAF8D5E0A29}.Release|Any CPU.Build.0 = Release|Any CPU
	EndGlobalSection
	GlobalSection(SolutionProperties) = preSolution
		HideSolutionNode = FALSE
	EndGlobalSection
	GlobalSection(ExtensibilityGlobals) = postSolution
		SolutionGuid = {97F15DE2-9057-4AE7-94B8-784D0CDAD555}
	EndGlobalSection
EndGlobal
